// !$*UTF8*$!
{
	archiveVersion = 1;
	classes = {
	};
	objectVersion = 54;
	objects = {

/* Begin PBXBuildFile section */
		02122DFA1C45C668746616DC /* FluidAudio in Frameworks */ = {isa = PBXBuildFile; productRef = 0C6538D66D9BD0A5C269BB1B /* FluidAudio */; };
		076DAD3555DF80C951B9329F /* PersistenceBoundary.swift in Sources */ = {isa = PBXBuildFile; fileRef = 253C6D9A6CE243C2E4429D55 /* PersistenceBoundary.swift */; };
		1342931C8BE082D128529EA4 /* CodexMobileCompanionTests.swift in Sources */ = {isa = PBXBuildFile; fileRef = 728B378B81F809C4F14EC72D /* CodexMobileCompanionTests.swift */; };
		1424F94EF741CE35017BF45A /* BridgeShellAPIClient.swift in Sources */ = {isa = PBXBuildFile; fileRef = 443BA9831BAAF12691D150FF /* BridgeShellAPIClient.swift */; };
		21BFE2AD6196F327135F493B /* BridgeContracts.swift in Sources */ = {isa = PBXBuildFile; fileRef = B2F2D601B571120586CB68C0 /* BridgeContracts.swift */; };
		45569345E3961410C2BCC108 /* DesktopRuntimeSupervisor.swift in Sources */ = {isa = PBXBuildFile; fileRef = 5648474174ABB9345A052D70 /* DesktopRuntimeSupervisor.swift */; };
		47EF301FD4DB23F23CE7051A /* SecureStore.swift in Sources */ = {isa = PBXBuildFile; fileRef = FE2411DE1FFF6CE64E10B9C0 /* SecureStore.swift */; };
		82562FC75DF9A3EC759F42CB /* PairingViews.swift in Sources */ = {isa = PBXBuildFile; fileRef = BD6A06141FE8DC9786018F28 /* PairingViews.swift */; };
		8342BD14E062007C2A9EC2D2 /* CodexMobileCompanionApp.swift in Sources */ = {isa = PBXBuildFile; fileRef = E9EBC4B14B8E5EFE0024E1CC /* CodexMobileCompanionApp.swift */; };
		9BA69C63586281C0DF6F3FC8 /* UpdateCheckViewModel.swift in Sources */ = {isa = PBXBuildFile; fileRef = 41DE442C8D708C97FBF5B810 /* UpdateCheckViewModel.swift */; };
		A78FC71CDB7F14567602C7D8 /* ReleaseUpdater.swift in Sources */ = {isa = PBXBuildFile; fileRef = 86885E31FC31A3BF0B909170 /* ReleaseUpdater.swift */; };
		B17D93EC9AC73B9003D48DD9 /* StructuredLogger.swift in Sources */ = {isa = PBXBuildFile; fileRef = ED9789893934082730104731 /* StructuredLogger.swift */; };
		D86F81EE7320E6CF368F94E6 /* SpeechHelperMain.swift in Sources */ = {isa = PBXBuildFile; fileRef = EE77A3E5D1E631FDAEAF0F9D /* SpeechHelperMain.swift */; };
		DBD044B04323228856E52A52 /* PairingEntryViewModel.swift in Sources */ = {isa = PBXBuildFile; fileRef = 8B7AB0DAD1B68544E6B87F2C /* PairingEntryViewModel.swift */; };
		EEC5C2A4147A1F515A43BA67 /* CodexSpeechHelper in Resources */ = {isa = PBXBuildFile; fileRef = 854D870C62DD6114E50C410F /* CodexSpeechHelper */; settings = {ATTRIBUTES = (RemoveHeadersOnCopy, ); }; };
/* End PBXBuildFile section */

/* Begin PBXContainerItemProxy section */
		33F18E67DD5CAC1BB595B7DF /* PBXContainerItemProxy */ = {
			isa = PBXContainerItemProxy;
			containerPortal = CEC0584BFFE63B0B728A238A /* Project object */;
			proxyType = 1;
			remoteGlobalIDString = 079AC2675E7DEB7D214D9879;
			remoteInfo = CodexMobileCompanion;
		};
		C6901CCD2143249B1BCF0570 /* PBXContainerItemProxy */ = {
			isa = PBXContainerItemProxy;
			containerPortal = CEC0584BFFE63B0B728A238A /* Project object */;
			proxyType = 1;
			remoteGlobalIDString = 78B413B5C3BE8D256695AFAE;
			remoteInfo = CodexSpeechHelper;
		};
/* End PBXContainerItemProxy section */

/* Begin PBXFileReference section */
		253C6D9A6CE243C2E4429D55 /* PersistenceBoundary.swift */ = {isa = PBXFileReference; lastKnownFileType = sourcecode.swift; path = PersistenceBoundary.swift; sourceTree = "<group>"; };
		41DE442C8D708C97FBF5B810 /* UpdateCheckViewModel.swift */ = {isa = PBXFileReference; lastKnownFileType = sourcecode.swift; path = UpdateCheckViewModel.swift; sourceTree = "<group>"; };
		443BA9831BAAF12691D150FF /* BridgeShellAPIClient.swift */ = {isa = PBXFileReference; lastKnownFileType = sourcecode.swift; path = BridgeShellAPIClient.swift; sourceTree = "<group>"; };
		5648474174ABB9345A052D70 /* DesktopRuntimeSupervisor.swift */ = {isa = PBXFileReference; lastKnownFileType = sourcecode.swift; path = DesktopRuntimeSupervisor.swift; sourceTree = "<group>"; };
		728B378B81F809C4F14EC72D /* CodexMobileCompanionTests.swift */ = {isa = PBXFileReference; lastKnownFileType = sourcecode.swift; path = CodexMobileCompanionTests.swift; sourceTree = "<group>"; };
		854D870C62DD6114E50C410F /* CodexSpeechHelper */ = {isa = PBXFileReference; includeInIndex = 0; path = CodexSpeechHelper; sourceTree = BUILT_PRODUCTS_DIR; };
		86885E31FC31A3BF0B909170 /* ReleaseUpdater.swift */ = {isa = PBXFileReference; lastKnownFileType = sourcecode.swift; path = ReleaseUpdater.swift; sourceTree = "<group>"; };
		8B7AB0DAD1B68544E6B87F2C /* PairingEntryViewModel.swift */ = {isa = PBXFileReference; lastKnownFileType = sourcecode.swift; path = PairingEntryViewModel.swift; sourceTree = "<group>"; };
		A90B6FE0AC3C66F2B1FA806D /* CodexMobileCompanionTests.xctest */ = {isa = PBXFileReference; explicitFileType = wrapper.cfbundle; includeInIndex = 0; path = CodexMobileCompanionTests.xctest; sourceTree = BUILT_PRODUCTS_DIR; };
		B2F2D601B571120586CB68C0 /* BridgeContracts.swift */ = {isa = PBXFileReference; lastKnownFileType = sourcecode.swift; path = BridgeContracts.swift; sourceTree = "<group>"; };
		BD6A06141FE8DC9786018F28 /* PairingViews.swift */ = {isa = PBXFileReference; lastKnownFileType = sourcecode.swift; path = PairingViews.swift; sourceTree = "<group>"; };
		C0824473A42415E32ECD7C7B /* CodexMobileCompanion.app */ = {isa = PBXFileReference; explicitFileType = wrapper.application; includeInIndex = 0; path = CodexMobileCompanion.app; sourceTree = BUILT_PRODUCTS_DIR; };
		E9EBC4B14B8E5EFE0024E1CC /* CodexMobileCompanionApp.swift */ = {isa = PBXFileReference; lastKnownFileType = sourcecode.swift; path = CodexMobileCompanionApp.swift; sourceTree = "<group>"; };
		ED9789893934082730104731 /* StructuredLogger.swift */ = {isa = PBXFileReference; lastKnownFileType = sourcecode.swift; path = StructuredLogger.swift; sourceTree = "<group>"; };
		EE77A3E5D1E631FDAEAF0F9D /* SpeechHelperMain.swift */ = {isa = PBXFileReference; lastKnownFileType = sourcecode.swift; path = SpeechHelperMain.swift; sourceTree = "<group>"; };
		FE2411DE1FFF6CE64E10B9C0 /* SecureStore.swift */ = {isa = PBXFileReference; lastKnownFileType = sourcecode.swift; path = SecureStore.swift; sourceTree = "<group>"; };
/* End PBXFileReference section */

/* Begin PBXFrameworksBuildPhase section */
		2A8C1F6333E30028248F3D14 /* Frameworks */ = {
			isa = PBXFrameworksBuildPhase;
			buildActionMask = 2147483647;
			files = (
				02122DFA1C45C668746616DC /* FluidAudio in Frameworks */,
			);
			runOnlyForDeploymentPostprocessing = 0;
		};
/* End PBXFrameworksBuildPhase section */

/* Begin PBXGroup section */
		06A1A52B8E050A92076962B5 /* Foundation */ = {
			isa = PBXGroup;
			children = (
				86885E31FC31A3BF0B909170 /* ReleaseUpdater.swift */,
				26164932D6129823FBDE21BE /* Contracts */,
				127F99BDB4362D4644ECFD26 /* Logging */,
				6FC3EB7AE2D7FB93BAD402FB /* Storage */,
			);
			path = Foundation;
			sourceTree = "<group>";
		};
		127F99BDB4362D4644ECFD26 /* Logging */ = {
			isa = PBXGroup;
			children = (
				ED9789893934082730104731 /* StructuredLogger.swift */,
			);
			path = Logging;
			sourceTree = "<group>";
		};
		26164932D6129823FBDE21BE /* Contracts */ = {
			isa = PBXGroup;
			children = (
				B2F2D601B571120586CB68C0 /* BridgeContracts.swift */,
			);
			path = Contracts;
			sourceTree = "<group>";
		};
		52D62A791B2D9766825BCC05 /* Runtime */ = {
			isa = PBXGroup;
			children = (
				5648474174ABB9345A052D70 /* DesktopRuntimeSupervisor.swift */,
			);
			path = Runtime;
			sourceTree = "<group>";
		};
		6FC3EB7AE2D7FB93BAD402FB /* Storage */ = {
			isa = PBXGroup;
			children = (
				253C6D9A6CE243C2E4429D55 /* PersistenceBoundary.swift */,
				FE2411DE1FFF6CE64E10B9C0 /* SecureStore.swift */,
			);
			path = Storage;
			sourceTree = "<group>";
		};
		7E4952BCF99AA6B331B860F8 /* Tests */ = {
			isa = PBXGroup;
			children = (
				728B378B81F809C4F14EC72D /* CodexMobileCompanionTests.swift */,
			);
			path = Tests;
			sourceTree = "<group>";
		};
		9015C89FFF9B3FEBFAA1C1BF /* SpeechHelper */ = {
			isa = PBXGroup;
			children = (
				DF8377FF38A290C24ACD369F /* Sources */,
			);
			path = SpeechHelper;
			sourceTree = "<group>";
		};
		9B722AF224358BC5D5F96AB6 /* App */ = {
			isa = PBXGroup;
			children = (
				E9EBC4B14B8E5EFE0024E1CC /* CodexMobileCompanionApp.swift */,
			);
			path = App;
			sourceTree = "<group>";
		};
		9D6EFF46C7CE710AA086A460 /* Bridge */ = {
			isa = PBXGroup;
			children = (
				443BA9831BAAF12691D150FF /* BridgeShellAPIClient.swift */,
			);
			path = Bridge;
			sourceTree = "<group>";
		};
		C14B55A87DD3B26FBFC28A49 /* Sources */ = {
			isa = PBXGroup;
			children = (
				9B722AF224358BC5D5F96AB6 /* App */,
				9D6EFF46C7CE710AA086A460 /* Bridge */,
				06A1A52B8E050A92076962B5 /* Foundation */,
				52D62A791B2D9766825BCC05 /* Runtime */,
				E8FF04E4278DAC1EB7D0F9FE /* UI */,
				FD0B943119D4A239E3429C5E /* ViewModel */,
			);
			path = Sources;
			sourceTree = "<group>";
		};
		C2E36064575B3EEC2D644157 = {
			isa = PBXGroup;
			children = (
				C14B55A87DD3B26FBFC28A49 /* Sources */,
				9015C89FFF9B3FEBFAA1C1BF /* SpeechHelper */,
				7E4952BCF99AA6B331B860F8 /* Tests */,
				CA75C503CAA44216C328BD09 /* Products */,
			);
			sourceTree = "<group>";
		};
		CA75C503CAA44216C328BD09 /* Products */ = {
			isa = PBXGroup;
			children = (
				C0824473A42415E32ECD7C7B /* CodexMobileCompanion.app */,
				A90B6FE0AC3C66F2B1FA806D /* CodexMobileCompanionTests.xctest */,
				854D870C62DD6114E50C410F /* CodexSpeechHelper */,
			);
			name = Products;
			sourceTree = "<group>";
		};
		DF8377FF38A290C24ACD369F /* Sources */ = {
			isa = PBXGroup;
			children = (
				EE77A3E5D1E631FDAEAF0F9D /* SpeechHelperMain.swift */,
			);
			path = Sources;
			sourceTree = "<group>";
		};
		E8FF04E4278DAC1EB7D0F9FE /* UI */ = {
			isa = PBXGroup;
			children = (
				BD6A06141FE8DC9786018F28 /* PairingViews.swift */,
			);
			path = UI;
			sourceTree = "<group>";
		};
		FD0B943119D4A239E3429C5E /* ViewModel */ = {
			isa = PBXGroup;
			children = (
				8B7AB0DAD1B68544E6B87F2C /* PairingEntryViewModel.swift */,
				41DE442C8D708C97FBF5B810 /* UpdateCheckViewModel.swift */,
			);
			path = ViewModel;
			sourceTree = "<group>";
		};
/* End PBXGroup section */

/* Begin PBXNativeTarget section */
		079AC2675E7DEB7D214D9879 /* CodexMobileCompanion */ = {
			isa = PBXNativeTarget;
			buildConfigurationList = 92571B5646D9058230F5D08E /* Build configuration list for PBXNativeTarget "CodexMobileCompanion" */;
			buildPhases = (
				EAB64C6CFF24E00745553FC6 /* Sources */,
				BAF117C650614B3B5EF1327F /* Resources */,
				EA5E6C6AA809AF75021540E1 /* Embed bridge-server */,
				D27BAA2DCBBDAED2C98B3C20 /* Embed speech helper */,
			);
			buildRules = (
			);
			dependencies = (
				559F9B08C05E13AFA92C6CAF /* PBXTargetDependency */,
			);
			name = CodexMobileCompanion;
			packageProductDependencies = (
			);
			productName = CodexMobileCompanion;
			productReference = C0824473A42415E32ECD7C7B /* CodexMobileCompanion.app */;
			productType = "com.apple.product-type.application";
		};
		78B413B5C3BE8D256695AFAE /* CodexSpeechHelper */ = {
			isa = PBXNativeTarget;
			buildConfigurationList = 8B8BD91907190456DC5EFCF3 /* Build configuration list for PBXNativeTarget "CodexSpeechHelper" */;
			buildPhases = (
				40B46DE3716025E34A550A61 /* Sources */,
				2A8C1F6333E30028248F3D14 /* Frameworks */,
			);
			buildRules = (
			);
			dependencies = (
			);
			name = CodexSpeechHelper;
			packageProductDependencies = (
				0C6538D66D9BD0A5C269BB1B /* FluidAudio */,
			);
			productName = CodexSpeechHelper;
			productReference = 854D870C62DD6114E50C410F /* CodexSpeechHelper */;
			productType = "com.apple.product-type.tool";
		};
		EBA7841788F91263BFFBD902 /* CodexMobileCompanionTests */ = {
			isa = PBXNativeTarget;
			buildConfigurationList = 9C2153EDB2DE743A84AFB27E /* Build configuration list for PBXNativeTarget "CodexMobileCompanionTests" */;
			buildPhases = (
				0186279A4F8AD56ACC75FA3F /* Sources */,
			);
			buildRules = (
			);
			dependencies = (
				F294FF8D106C0921A03EB425 /* PBXTargetDependency */,
			);
			name = CodexMobileCompanionTests;
			packageProductDependencies = (
			);
			productName = CodexMobileCompanionTests;
			productReference = A90B6FE0AC3C66F2B1FA806D /* CodexMobileCompanionTests.xctest */;
			productType = "com.apple.product-type.bundle.unit-test";
		};
/* End PBXNativeTarget section */

/* Begin PBXProject section */
		CEC0584BFFE63B0B728A238A /* Project object */ = {
			isa = PBXProject;
			attributes = {
				BuildIndependentTargetsInParallel = YES;
				LastUpgradeCheck = 1430;
				TargetAttributes = {
				};
			};
			buildConfigurationList = 02E6BE70033D11C5516949A7 /* Build configuration list for PBXProject "CodexMobileCompanion" */;
			compatibilityVersion = "Xcode 14.0";
			developmentRegion = en;
			hasScannedForEncodings = 0;
			knownRegions = (
				Base,
				en,
			);
			mainGroup = C2E36064575B3EEC2D644157;
			minimizedProjectReferenceProxies = 1;
			packageReferences = (
				8D75F3A2E729A21967FAEFC9 /* XCRemoteSwiftPackageReference "FluidAudio" */,
			);
			preferredProjectObjectVersion = 54;
			projectDirPath = "";
			projectRoot = "";
			targets = (
				079AC2675E7DEB7D214D9879 /* CodexMobileCompanion */,
				EBA7841788F91263BFFBD902 /* CodexMobileCompanionTests */,
				78B413B5C3BE8D256695AFAE /* CodexSpeechHelper */,
			);
		};
/* End PBXProject section */

/* Begin PBXResourcesBuildPhase section */
		BAF117C650614B3B5EF1327F /* Resources */ = {
			isa = PBXResourcesBuildPhase;
			buildActionMask = 2147483647;
			files = (
				EEC5C2A4147A1F515A43BA67 /* CodexSpeechHelper in Resources */,
			);
			runOnlyForDeploymentPostprocessing = 0;
		};
/* End PBXResourcesBuildPhase section */

/* Begin PBXShellScriptBuildPhase section */
		D27BAA2DCBBDAED2C98B3C20 /* Embed speech helper */ = {
			isa = PBXShellScriptBuildPhase;
			alwaysOutOfDate = 1;
			buildActionMask = 2147483647;
			files = (
			);
			inputFileListPaths = (
			);
			inputPaths = (
			);
			name = "Embed speech helper";
			outputFileListPaths = (
			);
			outputPaths = (
				"$(TARGET_BUILD_DIR)/$(UNLOCALIZED_RESOURCES_FOLDER_PATH)/bin/CodexSpeechHelper",
			);
			runOnlyForDeploymentPostprocessing = 0;
			shellPath = /bin/sh;
			shellScript = "#!/bin/sh\n\nset -eu\n\nPRODUCT_BINARY_DIR=\"${TARGET_BUILD_DIR}/${UNLOCALIZED_RESOURCES_FOLDER_PATH}/bin\"\nPRODUCT_BINARY_PATH=\"${PRODUCT_BINARY_DIR}/CodexSpeechHelper\"\nHELPER_BINARY_PATH=\"${BUILT_PRODUCTS_DIR}/CodexSpeechHelper\"\n\nif [ ! -x \"${HELPER_BINARY_PATH}\" ]; then\n  echo \"error: bundled speech helper was not built at ${HELPER_BINARY_PATH}\" >&2\n  exit 1\nfi\n\necho \"Embedding CodexSpeechHelper into app bundle\"\nmkdir -p \"${PRODUCT_BINARY_DIR}\"\ncp \"${HELPER_BINARY_PATH}\" \"${PRODUCT_BINARY_PATH}\"\nchmod 755 \"${PRODUCT_BINARY_PATH}\"\n\necho \"Embedded speech helper at ${PRODUCT_BINARY_PATH}\"\n";
		};
		EA5E6C6AA809AF75021540E1 /* Embed bridge-server */ = {
			isa = PBXShellScriptBuildPhase;
			alwaysOutOfDate = 1;
			buildActionMask = 2147483647;
			files = (
			);
			inputFileListPaths = (
			);
			inputPaths = (
			);
			name = "Embed bridge-server";
			outputFileListPaths = (
			);
			outputPaths = (
				"$(TARGET_BUILD_DIR)/$(UNLOCALIZED_RESOURCES_FOLDER_PATH)/bin/bridge-server",
			);
			runOnlyForDeploymentPostprocessing = 0;
			shellPath = /bin/sh;
			shellScript = "#!/bin/sh\n\nset -eu\n\nREPO_ROOT=\"$(cd \"${SRCROOT}/../..\" && pwd)\"\nMANIFEST_PATH=\"${REPO_ROOT}/Cargo.toml\"\nPRODUCT_BINARY_DIR=\"${TARGET_BUILD_DIR}/${UNLOCALIZED_RESOURCES_FOLDER_PATH}/bin\"\nPRODUCT_BINARY_PATH=\"${PRODUCT_BINARY_DIR}/bridge-server\"\n\nresolve_cargo() {\n  if [ -n \"${CODEX_MOBILE_COMPANION_CARGO_BIN:-}\" ] && [ -x \"${CODEX_MOBILE_COMPANION_CARGO_BIN}\" ]; then\n    printf '%s\\n' \"${CODEX_MOBILE_COMPANION_CARGO_BIN}\"\n    return 0\n  fi\n\n  if command -v cargo >/dev/null 2>&1; then\n    command -v cargo\n    return 0\n  fi\n\n  for candidate in \\\n    \"${HOME}/.cargo/bin/cargo\" \\\n    \"/opt/homebrew/bin/cargo\" \\\n    \"/usr/local/bin/cargo\"\n  do\n    if [ -x \"${candidate}\" ]; then\n      printf '%s\\n' \"${candidate}\"\n      return 0\n    fi\n  done\n\n  echo \"error: cargo not found. Set CODEX_MOBILE_COMPANION_CARGO_BIN or install Rust so Xcode can reach cargo.\" >&2\n  echo \"PATH=${PATH}\" >&2\n  exit 1\n}\n\nCARGO_BIN=\"$(resolve_cargo)\"\nRUST_BIN_DIR=\"$(dirname \"${CARGO_BIN}\")\"\n\nresolve_rustc() {\n  if [ -n \"${CODEX_MOBILE_COMPANION_RUSTC_BIN:-}\" ] && [ -x \"${CODEX_MOBILE_COMPANION_RUSTC_BIN}\" ]; then\n    printf '%s\\n' \"${CODEX_MOBILE_COMPANION_RUSTC_BIN}\"\n    return 0\n  fi\n\n  if [ -x \"${RUST_BIN_DIR}/rustc\" ]; then\n    printf '%s\\n' \"${RUST_BIN_DIR}/rustc\"\n    return 0\n  fi\n\n  if command -v rustc >/dev/null 2>&1; then\n    command -v rustc\n    return 0\n  fi\n\n  for candidate in \\\n    \"${HOME}/.cargo/bin/rustc\" \\\n    \"/opt/homebrew/bin/rustc\" \\\n    \"/usr/local/bin/rustc\"\n  do\n    if [ -x \"${candidate}\" ]; then\n      printf '%s\\n' \"${candidate}\"\n      return 0\n    fi\n  done\n\n  echo \"error: rustc not found. Set CODEX_MOBILE_COMPANION_RUSTC_BIN or install Rust so Xcode can reach rustc.\" >&2\n  echo \"PATH=${PATH}\" >&2\n  exit 1\n}\n\nRUSTC_BIN=\"$(resolve_rustc)\"\n\nexport PATH=\"${RUST_BIN_DIR}:${PATH}\"\nexport RUSTC=\"${RUSTC_BIN}\"\n\ncase \"${CONFIGURATION}\" in\n  Release)\n    CARGO_PROFILE_FLAG=\"--release\"\n    CARGO_TARGET_SUBDIR=\"release\"\n    ;;\n  *)\n    CARGO_PROFILE_FLAG=\"\"\n    CARGO_TARGET_SUBDIR=\"debug\"\n    ;;\nesac\n\necho \"Embedding bridge-server into app bundle\"\nmkdir -p \"${PRODUCT_BINARY_DIR}\"\n\ncd \"${REPO_ROOT}\"\n\n\"${CARGO_BIN}\" build \\\n  --manifest-path \"${MANIFEST_PATH}\" \\\n  -p bridge-core \\\n  --bin bridge-server \\\n  ${CARGO_PROFILE_FLAG}\n\ncp \"${REPO_ROOT}/target/${CARGO_TARGET_SUBDIR}/bridge-server\" \"${PRODUCT_BINARY_PATH}\"\nchmod 755 \"${PRODUCT_BINARY_PATH}\"\n\necho \"Embedded bridge helper at ${PRODUCT_BINARY_PATH}\"\n";
		};
/* End PBXShellScriptBuildPhase section */

/* Begin PBXSourcesBuildPhase section */
		0186279A4F8AD56ACC75FA3F /* Sources */ = {
			isa = PBXSourcesBuildPhase;
			buildActionMask = 2147483647;
			files = (
				1342931C8BE082D128529EA4 /* CodexMobileCompanionTests.swift in Sources */,
			);
			runOnlyForDeploymentPostprocessing = 0;
		};
		40B46DE3716025E34A550A61 /* Sources */ = {
			isa = PBXSourcesBuildPhase;
			buildActionMask = 2147483647;
			files = (
				D86F81EE7320E6CF368F94E6 /* SpeechHelperMain.swift in Sources */,
			);
			runOnlyForDeploymentPostprocessing = 0;
		};
		EAB64C6CFF24E00745553FC6 /* Sources */ = {
			isa = PBXSourcesBuildPhase;
			buildActionMask = 2147483647;
			files = (
				21BFE2AD6196F327135F493B /* BridgeContracts.swift in Sources */,
				1424F94EF741CE35017BF45A /* BridgeShellAPIClient.swift in Sources */,
				8342BD14E062007C2A9EC2D2 /* CodexMobileCompanionApp.swift in Sources */,
				45569345E3961410C2BCC108 /* DesktopRuntimeSupervisor.swift in Sources */,
				DBD044B04323228856E52A52 /* PairingEntryViewModel.swift in Sources */,
				82562FC75DF9A3EC759F42CB /* PairingViews.swift in Sources */,
				076DAD3555DF80C951B9329F /* PersistenceBoundary.swift in Sources */,
				A78FC71CDB7F14567602C7D8 /* ReleaseUpdater.swift in Sources */,
				47EF301FD4DB23F23CE7051A /* SecureStore.swift in Sources */,
				B17D93EC9AC73B9003D48DD9 /* StructuredLogger.swift in Sources */,
				9BA69C63586281C0DF6F3FC8 /* UpdateCheckViewModel.swift in Sources */,
			);
			runOnlyForDeploymentPostprocessing = 0;
		};
/* End PBXSourcesBuildPhase section */

/* Begin PBXTargetDependency section */
		559F9B08C05E13AFA92C6CAF /* PBXTargetDependency */ = {
			isa = PBXTargetDependency;
			target = 78B413B5C3BE8D256695AFAE /* CodexSpeechHelper */;
			targetProxy = C6901CCD2143249B1BCF0570 /* PBXContainerItemProxy */;
		};
		F294FF8D106C0921A03EB425 /* PBXTargetDependency */ = {
			isa = PBXTargetDependency;
			target = 079AC2675E7DEB7D214D9879 /* CodexMobileCompanion */;
			targetProxy = 33F18E67DD5CAC1BB595B7DF /* PBXContainerItemProxy */;
		};
/* End PBXTargetDependency section */

/* Begin XCBuildConfiguration section */
		22734F081811F665B1D32415 /* Release */ = {
			isa = XCBuildConfiguration;
			buildSettings = {
				ALWAYS_SEARCH_USER_PATHS = NO;
				CLANG_ANALYZER_NONNULL = YES;
				CLANG_ANALYZER_NUMBER_OBJECT_CONVERSION = YES_AGGRESSIVE;
				CLANG_CXX_LANGUAGE_STANDARD = "gnu++14";
				CLANG_CXX_LIBRARY = "libc++";
				CLANG_ENABLE_MODULES = YES;
				CLANG_ENABLE_OBJC_ARC = YES;
				CLANG_ENABLE_OBJC_WEAK = YES;
				CLANG_WARN_BLOCK_CAPTURE_AUTORELEASING = YES;
				CLANG_WARN_BOOL_CONVERSION = YES;
				CLANG_WARN_COMMA = YES;
				CLANG_WARN_CONSTANT_CONVERSION = YES;
				CLANG_WARN_DEPRECATED_OBJC_IMPLEMENTATIONS = YES;
				CLANG_WARN_DIRECT_OBJC_ISA_USAGE = YES_ERROR;
				CLANG_WARN_DOCUMENTATION_COMMENTS = YES;
				CLANG_WARN_EMPTY_BODY = YES;
				CLANG_WARN_ENUM_CONVERSION = YES;
				CLANG_WARN_INFINITE_RECURSION = YES;
				CLANG_WARN_INT_CONVERSION = YES;
				CLANG_WARN_NON_LITERAL_NULL_CONVERSION = YES;
				CLANG_WARN_OBJC_IMPLICIT_RETAIN_SELF = YES;
				CLANG_WARN_OBJC_LITERAL_CONVERSION = YES;
				CLANG_WARN_OBJC_ROOT_CLASS = YES_ERROR;
				CLANG_WARN_QUOTED_INCLUDE_IN_FRAMEWORK_HEADER = YES;
				CLANG_WARN_RANGE_LOOP_ANALYSIS = YES;
				CLANG_WARN_STRICT_PROTOTYPES = YES;
				CLANG_WARN_SUSPICIOUS_MOVE = YES;
				CLANG_WARN_UNGUARDED_AVAILABILITY = YES_AGGRESSIVE;
				CLANG_WARN_UNREACHABLE_CODE = YES;
				CLANG_WARN__DUPLICATE_METHOD_MATCH = YES;
				COPY_PHASE_STRIP = NO;
				DEBUG_INFORMATION_FORMAT = "dwarf-with-dsym";
				ENABLE_NS_ASSERTIONS = NO;
				ENABLE_STRICT_OBJC_MSGSEND = YES;
				GCC_C_LANGUAGE_STANDARD = gnu11;
				GCC_NO_COMMON_BLOCKS = YES;
				GCC_WARN_64_TO_32_BIT_CONVERSION = YES;
				GCC_WARN_ABOUT_RETURN_TYPE = YES_ERROR;
				GCC_WARN_UNDECLARED_SELECTOR = YES;
				GCC_WARN_UNINITIALIZED_AUTOS = YES_AGGRESSIVE;
				GCC_WARN_UNUSED_FUNCTION = YES;
				GCC_WARN_UNUSED_VARIABLE = YES;
				MTL_ENABLE_DEBUG_INFO = NO;
				MTL_FAST_MATH = YES;
				PRODUCT_NAME = "$(TARGET_NAME)";
				SDKROOT = macosx;
				SWIFT_COMPILATION_MODE = wholemodule;
				SWIFT_OPTIMIZATION_LEVEL = "-O";
				SWIFT_VERSION = 5.9;
			};
			name = Release;
		};
		2CDB4AC337CE953E66AB22D9 /* Debug */ = {
			isa = XCBuildConfiguration;
			buildSettings = {
				BUNDLE_LOADER = "$(TEST_HOST)";
				COMBINE_HIDPI_IMAGES = YES;
				GENERATE_INFOPLIST_FILE = YES;
				LD_RUNPATH_SEARCH_PATHS = (
					"$(inherited)",
					"@executable_path/../Frameworks",
					"@loader_path/../Frameworks",
				);
				MACOSX_DEPLOYMENT_TARGET = 14.0;
				PRODUCT_BUNDLE_IDENTIFIER = com.codex.mobile.companion.shell.tests;
				SDKROOT = macosx;
				TEST_HOST = "$(BUILT_PRODUCTS_DIR)/CodexMobileCompanion.app/Contents/MacOS/CodexMobileCompanion";
			};
			name = Debug;
		};
		53509EB8C37D121867BE5350 /* Release */ = {
			isa = XCBuildConfiguration;
			buildSettings = {
				ASSETCATALOG_COMPILER_APPICON_NAME = AppIcon;
				COMBINE_HIDPI_IMAGES = YES;
				CURRENT_PROJECT_VERSION = 1;
				GENERATE_INFOPLIST_FILE = YES;
				INFOPLIST_KEY_CFBundleDisplayName = CodexMobileCompanion;
				INFOPLIST_KEY_CFBundleShortVersionString = "$(MARKETING_VERSION)";
				INFOPLIST_KEY_CFBundleVersion = "$(CURRENT_PROJECT_VERSION)";
				INFOPLIST_KEY_LSApplicationCategoryType = "public.app-category.developer-tools";
				INFOPLIST_KEY_LSUIElement = YES;
				INFOPLIST_KEY_NSHumanReadableCopyright = "Copyright © 2026 Codex Mobile Companion";
				LD_RUNPATH_SEARCH_PATHS = (
					"$(inherited)",
					"@executable_path/../Frameworks",
				);
				MACOSX_DEPLOYMENT_TARGET = 14.0;
				MARKETING_VERSION = 1.0.0;
				PRODUCT_BUNDLE_IDENTIFIER = com.codex.mobile.companion.shell;
				PRODUCT_NAME = CodexMobileCompanion;
				SDKROOT = macosx;
			};
			name = Release;
		};
		738F38DB904C35497B6947A5 /* Debug */ = {
			isa = XCBuildConfiguration;
			buildSettings = {
				CODE_SIGNING_ALLOWED = NO;
				COMBINE_HIDPI_IMAGES = YES;
				LD_RUNPATH_SEARCH_PATHS = (
					"$(inherited)",
					"@executable_path/../Frameworks",
				);
				MACOSX_DEPLOYMENT_TARGET = 14.0;
				PRODUCT_BUNDLE_IDENTIFIER = com.codex.mobile.companion.shell.speechhelper;
				PRODUCT_NAME = CodexSpeechHelper;
				SDKROOT = macosx;
			};
			name = Debug;
		};
		7ED30BA6274390C2BBA17477 /* Debug */ = {
			isa = XCBuildConfiguration;
			buildSettings = {
				ASSETCATALOG_COMPILER_APPICON_NAME = AppIcon;
				COMBINE_HIDPI_IMAGES = YES;
				CURRENT_PROJECT_VERSION = 1;
				GENERATE_INFOPLIST_FILE = YES;
				INFOPLIST_KEY_CFBundleDisplayName = CodexMobileCompanion;
				INFOPLIST_KEY_CFBundleShortVersionString = "$(MARKETING_VERSION)";
				INFOPLIST_KEY_CFBundleVersion = "$(CURRENT_PROJECT_VERSION)";
				INFOPLIST_KEY_LSApplicationCategoryType = "public.app-category.developer-tools";
				INFOPLIST_KEY_LSUIElement = YES;
				INFOPLIST_KEY_NSHumanReadableCopyright = "Copyright © 2026 Codex Mobile Companion";
				LD_RUNPATH_SEARCH_PATHS = (
					"$(inherited)",
					"@executable_path/../Frameworks",
				);
				MACOSX_DEPLOYMENT_TARGET = 14.0;
				MARKETING_VERSION = 1.0.0;
				PRODUCT_BUNDLE_IDENTIFIER = com.codex.mobile.companion.shell;
				PRODUCT_NAME = CodexMobileCompanion;
				SDKROOT = macosx;
			};
			name = Debug;
		};
		8FA726AB9BBBE3E3F405761D /* Debug */ = {
			isa = XCBuildConfiguration;
			buildSettings = {
				ALWAYS_SEARCH_USER_PATHS = NO;
				CLANG_ANALYZER_NONNULL = YES;
				CLANG_ANALYZER_NUMBER_OBJECT_CONVERSION = YES_AGGRESSIVE;
				CLANG_CXX_LANGUAGE_STANDARD = "gnu++14";
				CLANG_CXX_LIBRARY = "libc++";
				CLANG_ENABLE_MODULES = YES;
				CLANG_ENABLE_OBJC_ARC = YES;
				CLANG_ENABLE_OBJC_WEAK = YES;
				CLANG_WARN_BLOCK_CAPTURE_AUTORELEASING = YES;
				CLANG_WARN_BOOL_CONVERSION = YES;
				CLANG_WARN_COMMA = YES;
				CLANG_WARN_CONSTANT_CONVERSION = YES;
				CLANG_WARN_DEPRECATED_OBJC_IMPLEMENTATIONS = YES;
				CLANG_WARN_DIRECT_OBJC_ISA_USAGE = YES_ERROR;
				CLANG_WARN_DOCUMENTATION_COMMENTS = YES;
				CLANG_WARN_EMPTY_BODY = YES;
				CLANG_WARN_ENUM_CONVERSION = YES;
				CLANG_WARN_INFINITE_RECURSION = YES;
				CLANG_WARN_INT_CONVERSION = YES;
				CLANG_WARN_NON_LITERAL_NULL_CONVERSION = YES;
				CLANG_WARN_OBJC_IMPLICIT_RETAIN_SELF = YES;
				CLANG_WARN_OBJC_LITERAL_CONVERSION = YES;
				CLANG_WARN_OBJC_ROOT_CLASS = YES_ERROR;
				CLANG_WARN_QUOTED_INCLUDE_IN_FRAMEWORK_HEADER = YES;
				CLANG_WARN_RANGE_LOOP_ANALYSIS = YES;
				CLANG_WARN_STRICT_PROTOTYPES = YES;
				CLANG_WARN_SUSPICIOUS_MOVE = YES;
				CLANG_WARN_UNGUARDED_AVAILABILITY = YES_AGGRESSIVE;
				CLANG_WARN_UNREACHABLE_CODE = YES;
				CLANG_WARN__DUPLICATE_METHOD_MATCH = YES;
				COPY_PHASE_STRIP = NO;
				DEBUG_INFORMATION_FORMAT = dwarf;
				ENABLE_STRICT_OBJC_MSGSEND = YES;
				ENABLE_TESTABILITY = YES;
				GCC_C_LANGUAGE_STANDARD = gnu11;
				GCC_DYNAMIC_NO_PIC = NO;
				GCC_NO_COMMON_BLOCKS = YES;
				GCC_OPTIMIZATION_LEVEL = 0;
				GCC_PREPROCESSOR_DEFINITIONS = (
					"$(inherited)",
					"DEBUG=1",
				);
				GCC_WARN_64_TO_32_BIT_CONVERSION = YES;
				GCC_WARN_ABOUT_RETURN_TYPE = YES_ERROR;
				GCC_WARN_UNDECLARED_SELECTOR = YES;
				GCC_WARN_UNINITIALIZED_AUTOS = YES_AGGRESSIVE;
				GCC_WARN_UNUSED_FUNCTION = YES;
				GCC_WARN_UNUSED_VARIABLE = YES;
				MTL_ENABLE_DEBUG_INFO = INCLUDE_SOURCE;
				MTL_FAST_MATH = YES;
				ONLY_ACTIVE_ARCH = YES;
				PRODUCT_NAME = "$(TARGET_NAME)";
				SDKROOT = macosx;
				SWIFT_ACTIVE_COMPILATION_CONDITIONS = DEBUG;
				SWIFT_OPTIMIZATION_LEVEL = "-Onone";
				SWIFT_VERSION = 5.9;
			};
			name = Debug;
		};
		9A7B9837228FC9BB740D4F50 /* Release */ = {
			isa = XCBuildConfiguration;
			buildSettings = {
				BUNDLE_LOADER = "$(TEST_HOST)";
				COMBINE_HIDPI_IMAGES = YES;
				GENERATE_INFOPLIST_FILE = YES;
				LD_RUNPATH_SEARCH_PATHS = (
					"$(inherited)",
					"@executable_path/../Frameworks",
					"@loader_path/../Frameworks",
				);
				MACOSX_DEPLOYMENT_TARGET = 14.0;
				PRODUCT_BUNDLE_IDENTIFIER = com.codex.mobile.companion.shell.tests;
				SDKROOT = macosx;
				TEST_HOST = "$(BUILT_PRODUCTS_DIR)/CodexMobileCompanion.app/Contents/MacOS/CodexMobileCompanion";
			};
			name = Release;
		};
		C35F80A4F8BA114870A5E317 /* Release */ = {
			isa = XCBuildConfiguration;
			buildSettings = {
				CODE_SIGNING_ALLOWED = NO;
				COMBINE_HIDPI_IMAGES = YES;
				LD_RUNPATH_SEARCH_PATHS = (
					"$(inherited)",
					"@executable_path/../Frameworks",
				);
				MACOSX_DEPLOYMENT_TARGET = 14.0;
				PRODUCT_BUNDLE_IDENTIFIER = com.codex.mobile.companion.shell.speechhelper;
				PRODUCT_NAME = CodexSpeechHelper;
				SDKROOT = macosx;
			};
			name = Release;
		};
/* End XCBuildConfiguration section */

/* Begin XCConfigurationList section */
		02E6BE70033D11C5516949A7 /* Build configuration list for PBXProject "CodexMobileCompanion" */ = {
			isa = XCConfigurationList;
			buildConfigurations = (
				8FA726AB9BBBE3E3F405761D /* Debug */,
				22734F081811F665B1D32415 /* Release */,
			);
			defaultConfigurationIsVisible = 0;
			defaultConfigurationName = Debug;
		};
		8B8BD91907190456DC5EFCF3 /* Build configuration list for PBXNativeTarget "CodexSpeechHelper" */ = {
			isa = XCConfigurationList;
			buildConfigurations = (
				738F38DB904C35497B6947A5 /* Debug */,
				C35F80A4F8BA114870A5E317 /* Release */,
			);
			defaultConfigurationIsVisible = 0;
			defaultConfigurationName = Debug;
		};
		92571B5646D9058230F5D08E /* Build configuration list for PBXNativeTarget "CodexMobileCompanion" */ = {
			isa = XCConfigurationList;
			buildConfigurations = (
				7ED30BA6274390C2BBA17477 /* Debug */,
				53509EB8C37D121867BE5350 /* Release */,
			);
			defaultConfigurationIsVisible = 0;
			defaultConfigurationName = Debug;
		};
		9C2153EDB2DE743A84AFB27E /* Build configuration list for PBXNativeTarget "CodexMobileCompanionTests" */ = {
			isa = XCConfigurationList;
			buildConfigurations = (
				2CDB4AC337CE953E66AB22D9 /* Debug */,
				9A7B9837228FC9BB740D4F50 /* Release */,
			);
			defaultConfigurationIsVisible = 0;
			defaultConfigurationName = Debug;
		};
/* End XCConfigurationList section */

/* Begin XCRemoteSwiftPackageReference section */
		8D75F3A2E729A21967FAEFC9 /* XCRemoteSwiftPackageReference "FluidAudio" */ = {
			isa = XCRemoteSwiftPackageReference;
			repositoryURL = "https://github.com/FluidInference/FluidAudio";
			requirement = {
				branch = main;
				kind = branch;
			};
		};
/* End XCRemoteSwiftPackageReference section */

/* Begin XCSwiftPackageProductDependency section */
		0C6538D66D9BD0A5C269BB1B /* FluidAudio */ = {
			isa = XCSwiftPackageProductDependency;
			package = 8D75F3A2E729A21967FAEFC9 /* XCRemoteSwiftPackageReference "FluidAudio" */;
			productName = FluidAudio;
		};
/* End XCSwiftPackageProductDependency section */
	};
	rootObject = CEC0584BFFE63B0B728A238A /* Project object */;
}
