// !$*UTF8*$!
{
	archiveVersion = 1;
	classes = {
	};
	objectVersion = 54;
	objects = {

/* Begin PBXBuildFile section */
		1342931C8BE082D128529EA4 /* CodexMobileCompanionTests.swift in Sources */ = {isa = PBXBuildFile; fileRef = 728B378B81F809C4F14EC72D /* CodexMobileCompanionTests.swift */; };
		973354979576A95DFA9E1DB1 /* CodexMobileCompanionApp.swift in Sources */ = {isa = PBXBuildFile; fileRef = 5B069849D192547B8F4FA416 /* CodexMobileCompanionApp.swift */; };
/* End PBXBuildFile section */

/* Begin PBXContainerItemProxy section */
		33F18E67DD5CAC1BB595B7DF /* PBXContainerItemProxy */ = {
			isa = PBXContainerItemProxy;
			containerPortal = CEC0584BFFE63B0B728A238A /* Project object */;
			proxyType = 1;
			remoteGlobalIDString = 079AC2675E7DEB7D214D9879;
			remoteInfo = CodexMobileCompanion;
		};
/* End PBXContainerItemProxy section */

/* Begin PBXFileReference section */
		5B069849D192547B8F4FA416 /* CodexMobileCompanionApp.swift */ = {isa = PBXFileReference; lastKnownFileType = sourcecode.swift; path = CodexMobileCompanionApp.swift; sourceTree = "<group>"; };
		728B378B81F809C4F14EC72D /* CodexMobileCompanionTests.swift */ = {isa = PBXFileReference; lastKnownFileType = sourcecode.swift; path = CodexMobileCompanionTests.swift; sourceTree = "<group>"; };
		A90B6FE0AC3C66F2B1FA806D /* CodexMobileCompanionTests.xctest */ = {isa = PBXFileReference; explicitFileType = wrapper.cfbundle; includeInIndex = 0; path = CodexMobileCompanionTests.xctest; sourceTree = BUILT_PRODUCTS_DIR; };
		C0824473A42415E32ECD7C7B /* CodexMobileCompanion.app */ = {isa = PBXFileReference; explicitFileType = wrapper.application; includeInIndex = 0; path = CodexMobileCompanion.app; sourceTree = BUILT_PRODUCTS_DIR; };
/* End PBXFileReference section */

/* Begin PBXGroup section */
		7E4952BCF99AA6B331B860F8 /* Tests */ = {
			isa = PBXGroup;
			children = (
				728B378B81F809C4F14EC72D /* CodexMobileCompanionTests.swift */,
			);
			path = Tests;
			sourceTree = "<group>";
		};
		C14B55A87DD3B26FBFC28A49 /* Sources */ = {
			isa = PBXGroup;
			children = (
				5B069849D192547B8F4FA416 /* CodexMobileCompanionApp.swift */,
			);
			path = Sources;
			sourceTree = "<group>";
		};
		C2E36064575B3EEC2D644157 = {
			isa = PBXGroup;
			children = (
				C14B55A87DD3B26FBFC28A49 /* Sources */,
				7E4952BCF99AA6B331B860F8 /* Tests */,
				CA75C503CAA44216C328BD09 /* Products */,
			);
			sourceTree = "<group>";
		};
		CA75C503CAA44216C328BD09 /* Products */ = {
			isa = PBXGroup;
			children = (
				C0824473A42415E32ECD7C7B /* CodexMobileCompanion.app */,
				A90B6FE0AC3C66F2B1FA806D /* CodexMobileCompanionTests.xctest */,
			);
			name = Products;
			sourceTree = "<group>";
		};
/* End PBXGroup section */

/* Begin PBXNativeTarget section */
		079AC2675E7DEB7D214D9879 /* CodexMobileCompanion */ = {
			isa = PBXNativeTarget;
			buildConfigurationList = 92571B5646D9058230F5D08E /* Build configuration list for PBXNativeTarget "CodexMobileCompanion" */;
			buildPhases = (
				EAB64C6CFF24E00745553FC6 /* Sources */,
			);
			buildRules = (
			);
			dependencies = (
			);
			name = CodexMobileCompanion;
			packageProductDependencies = (
			);
			productName = CodexMobileCompanion;
			productReference = C0824473A42415E32ECD7C7B /* CodexMobileCompanion.app */;
			productType = "com.apple.product-type.application";
		};
		EBA7841788F91263BFFBD902 /* CodexMobileCompanionTests */ = {
			isa = PBXNativeTarget;
			buildConfigurationList = 9C2153EDB2DE743A84AFB27E /* Build configuration list for PBXNativeTarget "CodexMobileCompanionTests" */;
			buildPhases = (
				0186279A4F8AD56ACC75FA3F /* Sources */,
			);
			buildRules = (
			);
			dependencies = (
				F294FF8D106C0921A03EB425 /* PBXTargetDependency */,
			);
			name = CodexMobileCompanionTests;
			packageProductDependencies = (
			);
			productName = CodexMobileCompanionTests;
			productReference = A90B6FE0AC3C66F2B1FA806D /* CodexMobileCompanionTests.xctest */;
			productType = "com.apple.product-type.bundle.unit-test";
		};
/* End PBXNativeTarget section */

/* Begin PBXProject section */
		CEC0584BFFE63B0B728A238A /* Project object */ = {
			isa = PBXProject;
			attributes = {
				BuildIndependentTargetsInParallel = YES;
				LastUpgradeCheck = 1430;
				TargetAttributes = {
				};
			};
			buildConfigurationList = 02E6BE70033D11C5516949A7 /* Build configuration list for PBXProject "CodexMobileCompanion" */;
			compatibilityVersion = "Xcode 14.0";
			developmentRegion = en;
			hasScannedForEncodings = 0;
			knownRegions = (
				Base,
				en,
			);
			mainGroup = C2E36064575B3EEC2D644157;
			minimizedProjectReferenceProxies = 1;
			preferredProjectObjectVersion = 54;
			projectDirPath = "";
			projectRoot = "";
			targets = (
				079AC2675E7DEB7D214D9879 /* CodexMobileCompanion */,
				EBA7841788F91263BFFBD902 /* CodexMobileCompanionTests */,
			);
		};
/* End PBXProject section */

/* Begin PBXSourcesBuildPhase section */
		0186279A4F8AD56ACC75FA3F /* Sources */ = {
			isa = PBXSourcesBuildPhase;
			buildActionMask = 2147483647;
			files = (
				1342931C8BE082D128529EA4 /* CodexMobileCompanionTests.swift in Sources */,
			);
			runOnlyForDeploymentPostprocessing = 0;
		};
		EAB64C6CFF24E00745553FC6 /* Sources */ = {
			isa = PBXSourcesBuildPhase;
			buildActionMask = 2147483647;
			files = (
				973354979576A95DFA9E1DB1 /* CodexMobileCompanionApp.swift in Sources */,
			);
			runOnlyForDeploymentPostprocessing = 0;
		};
/* End PBXSourcesBuildPhase section */

/* Begin PBXTargetDependency section */
		F294FF8D106C0921A03EB425 /* PBXTargetDependency */ = {
			isa = PBXTargetDependency;
			target = 079AC2675E7DEB7D214D9879 /* CodexMobileCompanion */;
			targetProxy = 33F18E67DD5CAC1BB595B7DF /* PBXContainerItemProxy */;
		};
/* End PBXTargetDependency section */

/* Begin XCBuildConfiguration section */
		22734F081811F665B1D32415 /* Release */ = {
			isa = XCBuildConfiguration;
			buildSettings = {
				ALWAYS_SEARCH_USER_PATHS = NO;
				CLANG_ANALYZER_NONNULL = YES;
				CLANG_ANALYZER_NUMBER_OBJECT_CONVERSION = YES_AGGRESSIVE;
				CLANG_CXX_LANGUAGE_STANDARD = "gnu++14";
				CLANG_CXX_LIBRARY = "libc++";
				CLANG_ENABLE_MODULES = YES;
				CLANG_ENABLE_OBJC_ARC = YES;
				CLANG_ENABLE_OBJC_WEAK = YES;
				CLANG_WARN_BLOCK_CAPTURE_AUTORELEASING = YES;
				CLANG_WARN_BOOL_CONVERSION = YES;
				CLANG_WARN_COMMA = YES;
				CLANG_WARN_CONSTANT_CONVERSION = YES;
				CLANG_WARN_DEPRECATED_OBJC_IMPLEMENTATIONS = YES;
				CLANG_WARN_DIRECT_OBJC_ISA_USAGE = YES_ERROR;
				CLANG_WARN_DOCUMENTATION_COMMENTS = YES;
				CLANG_WARN_EMPTY_BODY = YES;
				CLANG_WARN_ENUM_CONVERSION = YES;
				CLANG_WARN_INFINITE_RECURSION = YES;
				CLANG_WARN_INT_CONVERSION = YES;
				CLANG_WARN_NON_LITERAL_NULL_CONVERSION = YES;
				CLANG_WARN_OBJC_IMPLICIT_RETAIN_SELF = YES;
				CLANG_WARN_OBJC_LITERAL_CONVERSION = YES;
				CLANG_WARN_OBJC_ROOT_CLASS = YES_ERROR;
				CLANG_WARN_QUOTED_INCLUDE_IN_FRAMEWORK_HEADER = YES;
				CLANG_WARN_RANGE_LOOP_ANALYSIS = YES;
				CLANG_WARN_STRICT_PROTOTYPES = YES;
				CLANG_WARN_SUSPICIOUS_MOVE = YES;
				CLANG_WARN_UNGUARDED_AVAILABILITY = YES_AGGRESSIVE;
				CLANG_WARN_UNREACHABLE_CODE = YES;
				CLANG_WARN__DUPLICATE_METHOD_MATCH = YES;
				COPY_PHASE_STRIP = NO;
				DEBUG_INFORMATION_FORMAT = "dwarf-with-dsym";
				ENABLE_NS_ASSERTIONS = NO;
				ENABLE_STRICT_OBJC_MSGSEND = YES;
				GCC_C_LANGUAGE_STANDARD = gnu11;
				GCC_NO_COMMON_BLOCKS = YES;
				GCC_WARN_64_TO_32_BIT_CONVERSION = YES;
				GCC_WARN_ABOUT_RETURN_TYPE = YES_ERROR;
				GCC_WARN_UNDECLARED_SELECTOR = YES;
				GCC_WARN_UNINITIALIZED_AUTOS = YES_AGGRESSIVE;
				GCC_WARN_UNUSED_FUNCTION = YES;
				GCC_WARN_UNUSED_VARIABLE = YES;
				MTL_ENABLE_DEBUG_INFO = NO;
				MTL_FAST_MATH = YES;
				PRODUCT_NAME = "$(TARGET_NAME)";
				SDKROOT = macosx;
				SWIFT_COMPILATION_MODE = wholemodule;
				SWIFT_OPTIMIZATION_LEVEL = "-O";
				SWIFT_VERSION = 5.9;
			};
			name = Release;
		};
		2CDB4AC337CE953E66AB22D9 /* Debug */ = {
			isa = XCBuildConfiguration;
			buildSettings = {
				BUNDLE_LOADER = "$(TEST_HOST)";
				COMBINE_HIDPI_IMAGES = YES;
				GENERATE_INFOPLIST_FILE = YES;
				LD_RUNPATH_SEARCH_PATHS = (
					"$(inherited)",
					"@executable_path/../Frameworks",
					"@loader_path/../Frameworks",
				);
				MACOSX_DEPLOYMENT_TARGET = 14.0;
				PRODUCT_BUNDLE_IDENTIFIER = com.codex.mobile.companion.shell.tests;
				SDKROOT = macosx;
				TEST_HOST = "$(BUILT_PRODUCTS_DIR)/CodexMobileCompanion.app/Contents/MacOS/CodexMobileCompanion";
			};
			name = Debug;
		};
		53509EB8C37D121867BE5350 /* Release */ = {
			isa = XCBuildConfiguration;
			buildSettings = {
				ASSETCATALOG_COMPILER_APPICON_NAME = AppIcon;
				COMBINE_HIDPI_IMAGES = YES;
				GENERATE_INFOPLIST_FILE = YES;
				INFOPLIST_KEY_CFBundleDisplayName = CodexMobileCompanion;
				INFOPLIST_KEY_LSApplicationCategoryType = "public.app-category.developer-tools";
				INFOPLIST_KEY_NSHumanReadableCopyright = "Copyright © 2026 Codex Mobile Companion";
				LD_RUNPATH_SEARCH_PATHS = (
					"$(inherited)",
					"@executable_path/../Frameworks",
				);
				MACOSX_DEPLOYMENT_TARGET = 14.0;
				PRODUCT_BUNDLE_IDENTIFIER = com.codex.mobile.companion.shell;
				PRODUCT_NAME = CodexMobileCompanion;
				SDKROOT = macosx;
			};
			name = Release;
		};
		7ED30BA6274390C2BBA17477 /* Debug */ = {
			isa = XCBuildConfiguration;
			buildSettings = {
				ASSETCATALOG_COMPILER_APPICON_NAME = AppIcon;
				COMBINE_HIDPI_IMAGES = YES;
				GENERATE_INFOPLIST_FILE = YES;
				INFOPLIST_KEY_CFBundleDisplayName = CodexMobileCompanion;
				INFOPLIST_KEY_LSApplicationCategoryType = "public.app-category.developer-tools";
				INFOPLIST_KEY_NSHumanReadableCopyright = "Copyright © 2026 Codex Mobile Companion";
				LD_RUNPATH_SEARCH_PATHS = (
					"$(inherited)",
					"@executable_path/../Frameworks",
				);
				MACOSX_DEPLOYMENT_TARGET = 14.0;
				PRODUCT_BUNDLE_IDENTIFIER = com.codex.mobile.companion.shell;
				PRODUCT_NAME = CodexMobileCompanion;
				SDKROOT = macosx;
			};
			name = Debug;
		};
		8FA726AB9BBBE3E3F405761D /* Debug */ = {
			isa = XCBuildConfiguration;
			buildSettings = {
				ALWAYS_SEARCH_USER_PATHS = NO;
				CLANG_ANALYZER_NONNULL = YES;
				CLANG_ANALYZER_NUMBER_OBJECT_CONVERSION = YES_AGGRESSIVE;
				CLANG_CXX_LANGUAGE_STANDARD = "gnu++14";
				CLANG_CXX_LIBRARY = "libc++";
				CLANG_ENABLE_MODULES = YES;
				CLANG_ENABLE_OBJC_ARC = YES;
				CLANG_ENABLE_OBJC_WEAK = YES;
				CLANG_WARN_BLOCK_CAPTURE_AUTORELEASING = YES;
				CLANG_WARN_BOOL_CONVERSION = YES;
				CLANG_WARN_COMMA = YES;
				CLANG_WARN_CONSTANT_CONVERSION = YES;
				CLANG_WARN_DEPRECATED_OBJC_IMPLEMENTATIONS = YES;
				CLANG_WARN_DIRECT_OBJC_ISA_USAGE = YES_ERROR;
				CLANG_WARN_DOCUMENTATION_COMMENTS = YES;
				CLANG_WARN_EMPTY_BODY = YES;
				CLANG_WARN_ENUM_CONVERSION = YES;
				CLANG_WARN_INFINITE_RECURSION = YES;
				CLANG_WARN_INT_CONVERSION = YES;
				CLANG_WARN_NON_LITERAL_NULL_CONVERSION = YES;
				CLANG_WARN_OBJC_IMPLICIT_RETAIN_SELF = YES;
				CLANG_WARN_OBJC_LITERAL_CONVERSION = YES;
				CLANG_WARN_OBJC_ROOT_CLASS = YES_ERROR;
				CLANG_WARN_QUOTED_INCLUDE_IN_FRAMEWORK_HEADER = YES;
				CLANG_WARN_RANGE_LOOP_ANALYSIS = YES;
				CLANG_WARN_STRICT_PROTOTYPES = YES;
				CLANG_WARN_SUSPICIOUS_MOVE = YES;
				CLANG_WARN_UNGUARDED_AVAILABILITY = YES_AGGRESSIVE;
				CLANG_WARN_UNREACHABLE_CODE = YES;
				CLANG_WARN__DUPLICATE_METHOD_MATCH = YES;
				COPY_PHASE_STRIP = NO;
				DEBUG_INFORMATION_FORMAT = dwarf;
				ENABLE_STRICT_OBJC_MSGSEND = YES;
				ENABLE_TESTABILITY = YES;
				GCC_C_LANGUAGE_STANDARD = gnu11;
				GCC_DYNAMIC_NO_PIC = NO;
				GCC_NO_COMMON_BLOCKS = YES;
				GCC_OPTIMIZATION_LEVEL = 0;
				GCC_PREPROCESSOR_DEFINITIONS = (
					"$(inherited)",
					"DEBUG=1",
				);
				GCC_WARN_64_TO_32_BIT_CONVERSION = YES;
				GCC_WARN_ABOUT_RETURN_TYPE = YES_ERROR;
				GCC_WARN_UNDECLARED_SELECTOR = YES;
				GCC_WARN_UNINITIALIZED_AUTOS = YES_AGGRESSIVE;
				GCC_WARN_UNUSED_FUNCTION = YES;
				GCC_WARN_UNUSED_VARIABLE = YES;
				MTL_ENABLE_DEBUG_INFO = INCLUDE_SOURCE;
				MTL_FAST_MATH = YES;
				ONLY_ACTIVE_ARCH = YES;
				PRODUCT_NAME = "$(TARGET_NAME)";
				SDKROOT = macosx;
				SWIFT_ACTIVE_COMPILATION_CONDITIONS = DEBUG;
				SWIFT_OPTIMIZATION_LEVEL = "-Onone";
				SWIFT_VERSION = 5.9;
			};
			name = Debug;
		};
		9A7B9837228FC9BB740D4F50 /* Release */ = {
			isa = XCBuildConfiguration;
			buildSettings = {
				BUNDLE_LOADER = "$(TEST_HOST)";
				COMBINE_HIDPI_IMAGES = YES;
				GENERATE_INFOPLIST_FILE = YES;
				LD_RUNPATH_SEARCH_PATHS = (
					"$(inherited)",
					"@executable_path/../Frameworks",
					"@loader_path/../Frameworks",
				);
				MACOSX_DEPLOYMENT_TARGET = 14.0;
				PRODUCT_BUNDLE_IDENTIFIER = com.codex.mobile.companion.shell.tests;
				SDKROOT = macosx;
				TEST_HOST = "$(BUILT_PRODUCTS_DIR)/CodexMobileCompanion.app/Contents/MacOS/CodexMobileCompanion";
			};
			name = Release;
		};
/* End XCBuildConfiguration section */

/* Begin XCConfigurationList section */
		02E6BE70033D11C5516949A7 /* Build configuration list for PBXProject "CodexMobileCompanion" */ = {
			isa = XCConfigurationList;
			buildConfigurations = (
				8FA726AB9BBBE3E3F405761D /* Debug */,
				22734F081811F665B1D32415 /* Release */,
			);
			defaultConfigurationIsVisible = 0;
			defaultConfigurationName = Debug;
		};
		92571B5646D9058230F5D08E /* Build configuration list for PBXNativeTarget "CodexMobileCompanion" */ = {
			isa = XCConfigurationList;
			buildConfigurations = (
				7ED30BA6274390C2BBA17477 /* Debug */,
				53509EB8C37D121867BE5350 /* Release */,
			);
			defaultConfigurationIsVisible = 0;
			defaultConfigurationName = Debug;
		};
		9C2153EDB2DE743A84AFB27E /* Build configuration list for PBXNativeTarget "CodexMobileCompanionTests" */ = {
			isa = XCConfigurationList;
			buildConfigurations = (
				2CDB4AC337CE953E66AB22D9 /* Debug */,
				9A7B9837228FC9BB740D4F50 /* Release */,
			);
			defaultConfigurationIsVisible = 0;
			defaultConfigurationName = Debug;
		};
/* End XCConfigurationList section */
	};
	rootObject = CEC0584BFFE63B0B728A238A /* Project object */;
}
