// !$*UTF8*$!
{
	archiveVersion = 1;
	classes = {
	};
	objectVersion = 54;
	objects = {

/* Begin PBXBuildFile section */
		076DAD3555DF80C951B9329F /* PersistenceBoundary.swift in Sources */ = {isa = PBXBuildFile; fileRef = 253C6D9A6CE243C2E4429D55 /* PersistenceBoundary.swift */; };
		1342931C8BE082D128529EA4 /* CodexMobileCompanionTests.swift in Sources */ = {isa = PBXBuildFile; fileRef = 728B378B81F809C4F14EC72D /* CodexMobileCompanionTests.swift */; };
		21BFE2AD6196F327135F493B /* BridgeContracts.swift in Sources */ = {isa = PBXBuildFile; fileRef = B2F2D601B571120586CB68C0 /* BridgeContracts.swift */; };
		47EF301FD4DB23F23CE7051A /* SecureStore.swift in Sources */ = {isa = PBXBuildFile; fileRef = FE2411DE1FFF6CE64E10B9C0 /* SecureStore.swift */; };
		A1B2C3D40100000000000001 /* CodexMobileCompanionApp.swift in Sources */ = {isa = PBXBuildFile; fileRef = B1B2C3D40100000000000001 /* CodexMobileCompanionApp.swift */; };
		A1B2C3D40100000000000002 /* PairingViews.swift in Sources */ = {isa = PBXBuildFile; fileRef = B1B2C3D40100000000000002 /* PairingViews.swift */; };
		A1B2C3D40100000000000003 /* PairingEntryViewModel.swift in Sources */ = {isa = PBXBuildFile; fileRef = B1B2C3D40100000000000003 /* PairingEntryViewModel.swift */; };
		A1B2C3D40100000000000004 /* BridgeShellAPIClient.swift in Sources */ = {isa = PBXBuildFile; fileRef = B1B2C3D40100000000000004 /* BridgeShellAPIClient.swift */; };
		A1B2C3D40100000000000005 /* DesktopRuntimeSupervisor.swift in Sources */ = {isa = PBXBuildFile; fileRef = B1B2C3D40100000000000005 /* DesktopRuntimeSupervisor.swift */; };
		B17D93EC9AC73B9003D48DD9 /* StructuredLogger.swift in Sources */ = {isa = PBXBuildFile; fileRef = ED9789893934082730104731 /* StructuredLogger.swift */; };
/* End PBXBuildFile section */

/* Begin PBXContainerItemProxy section */
		33F18E67DD5CAC1BB595B7DF /* PBXContainerItemProxy */ = {
			isa = PBXContainerItemProxy;
			containerPortal = CEC0584BFFE63B0B728A238A /* Project object */;
			proxyType = 1;
			remoteGlobalIDString = 079AC2675E7DEB7D214D9879;
			remoteInfo = CodexMobileCompanion;
		};
/* End PBXContainerItemProxy section */

/* Begin PBXFileReference section */
		253C6D9A6CE243C2E4429D55 /* PersistenceBoundary.swift */ = {isa = PBXFileReference; lastKnownFileType = sourcecode.swift; path = PersistenceBoundary.swift; sourceTree = "<group>"; };
		728B378B81F809C4F14EC72D /* CodexMobileCompanionTests.swift */ = {isa = PBXFileReference; lastKnownFileType = sourcecode.swift; path = CodexMobileCompanionTests.swift; sourceTree = "<group>"; };
		A90B6FE0AC3C66F2B1FA806D /* CodexMobileCompanionTests.xctest */ = {isa = PBXFileReference; explicitFileType = wrapper.cfbundle; includeInIndex = 0; path = CodexMobileCompanionTests.xctest; sourceTree = BUILT_PRODUCTS_DIR; };
		B1B2C3D40100000000000001 /* CodexMobileCompanionApp.swift */ = {isa = PBXFileReference; lastKnownFileType = sourcecode.swift; path = CodexMobileCompanionApp.swift; sourceTree = "<group>"; };
		B1B2C3D40100000000000002 /* PairingViews.swift */ = {isa = PBXFileReference; lastKnownFileType = sourcecode.swift; path = PairingViews.swift; sourceTree = "<group>"; };
		B1B2C3D40100000000000003 /* PairingEntryViewModel.swift */ = {isa = PBXFileReference; lastKnownFileType = sourcecode.swift; path = PairingEntryViewModel.swift; sourceTree = "<group>"; };
		B1B2C3D40100000000000004 /* BridgeShellAPIClient.swift */ = {isa = PBXFileReference; lastKnownFileType = sourcecode.swift; path = BridgeShellAPIClient.swift; sourceTree = "<group>"; };
		B1B2C3D40100000000000005 /* DesktopRuntimeSupervisor.swift */ = {isa = PBXFileReference; lastKnownFileType = sourcecode.swift; path = DesktopRuntimeSupervisor.swift; sourceTree = "<group>"; };
		B2F2D601B571120586CB68C0 /* BridgeContracts.swift */ = {isa = PBXFileReference; lastKnownFileType = sourcecode.swift; path = BridgeContracts.swift; sourceTree = "<group>"; };
		C0824473A42415E32ECD7C7B /* CodexMobileCompanion.app */ = {isa = PBXFileReference; explicitFileType = wrapper.application; includeInIndex = 0; path = CodexMobileCompanion.app; sourceTree = BUILT_PRODUCTS_DIR; };
		ED9789893934082730104731 /* StructuredLogger.swift */ = {isa = PBXFileReference; lastKnownFileType = sourcecode.swift; path = StructuredLogger.swift; sourceTree = "<group>"; };
		FE2411DE1FFF6CE64E10B9C0 /* SecureStore.swift */ = {isa = PBXFileReference; lastKnownFileType = sourcecode.swift; path = SecureStore.swift; sourceTree = "<group>"; };
/* End PBXFileReference section */

/* Begin PBXGroup section */
		06A1A52B8E050A92076962B5 /* Foundation */ = {
			isa = PBXGroup;
			children = (
				26164932D6129823FBDE21BE /* Contracts */,
				127F99BDB4362D4644ECFD26 /* Logging */,
				6FC3EB7AE2D7FB93BAD402FB /* Storage */,
			);
			path = Foundation;
			sourceTree = "<group>";
		};
		C1B2C3D40100000000000001 /* App */ = {
			isa = PBXGroup;
			children = (
				B1B2C3D40100000000000001 /* CodexMobileCompanionApp.swift */,
			);
			path = App;
			sourceTree = "<group>";
		};
		C1B2C3D40100000000000002 /* UI */ = {
			isa = PBXGroup;
			children = (
				B1B2C3D40100000000000002 /* PairingViews.swift */,
			);
			path = UI;
			sourceTree = "<group>";
		};
		C1B2C3D40100000000000003 /* ViewModel */ = {
			isa = PBXGroup;
			children = (
				B1B2C3D40100000000000003 /* PairingEntryViewModel.swift */,
			);
			path = ViewModel;
			sourceTree = "<group>";
		};
		C1B2C3D40100000000000004 /* Bridge */ = {
			isa = PBXGroup;
			children = (
				B1B2C3D40100000000000004 /* BridgeShellAPIClient.swift */,
			);
			path = Bridge;
			sourceTree = "<group>";
		};
		C1B2C3D40100000000000005 /* Runtime */ = {
			isa = PBXGroup;
			children = (
				B1B2C3D40100000000000005 /* DesktopRuntimeSupervisor.swift */,
			);
			path = Runtime;
			sourceTree = "<group>";
		};
		127F99BDB4362D4644ECFD26 /* Logging */ = {
			isa = PBXGroup;
			children = (
				ED9789893934082730104731 /* StructuredLogger.swift */,
			);
			path = Logging;
			sourceTree = "<group>";
		};
		26164932D6129823FBDE21BE /* Contracts */ = {
			isa = PBXGroup;
			children = (
				B2F2D601B571120586CB68C0 /* BridgeContracts.swift */,
			);
			path = Contracts;
			sourceTree = "<group>";
		};
		6FC3EB7AE2D7FB93BAD402FB /* Storage */ = {
			isa = PBXGroup;
			children = (
				253C6D9A6CE243C2E4429D55 /* PersistenceBoundary.swift */,
				FE2411DE1FFF6CE64E10B9C0 /* SecureStore.swift */,
			);
			path = Storage;
			sourceTree = "<group>";
		};
		7E4952BCF99AA6B331B860F8 /* Tests */ = {
			isa = PBXGroup;
			children = (
				728B378B81F809C4F14EC72D /* CodexMobileCompanionTests.swift */,
			);
			path = Tests;
			sourceTree = "<group>";
		};
		C14B55A87DD3B26FBFC28A49 /* Sources */ = {
			isa = PBXGroup;
			children = (
				C1B2C3D40100000000000001 /* App */,
				C1B2C3D40100000000000002 /* UI */,
				C1B2C3D40100000000000003 /* ViewModel */,
				C1B2C3D40100000000000004 /* Bridge */,
				C1B2C3D40100000000000005 /* Runtime */,
				06A1A52B8E050A92076962B5 /* Foundation */,
			);
			path = Sources;
			sourceTree = "<group>";
		};
		C2E36064575B3EEC2D644157 = {
			isa = PBXGroup;
			children = (
				C14B55A87DD3B26FBFC28A49 /* Sources */,
				7E4952BCF99AA6B331B860F8 /* Tests */,
				CA75C503CAA44216C328BD09 /* Products */,
			);
			sourceTree = "<group>";
		};
		CA75C503CAA44216C328BD09 /* Products */ = {
			isa = PBXGroup;
			children = (
				C0824473A42415E32ECD7C7B /* CodexMobileCompanion.app */,
				A90B6FE0AC3C66F2B1FA806D /* CodexMobileCompanionTests.xctest */,
			);
			name = Products;
			sourceTree = "<group>";
		};
/* End PBXGroup section */

/* Begin PBXNativeTarget section */
		079AC2675E7DEB7D214D9879 /* CodexMobileCompanion */ = {
			isa = PBXNativeTarget;
			buildConfigurationList = 92571B5646D9058230F5D08E /* Build configuration list for PBXNativeTarget "CodexMobileCompanion" */;
			buildPhases = (
				EAB64C6CFF24E00745553FC6 /* Sources */,
				EA5E6C6AA809AF75021540E1 /* Embed bridge-server */,
			);
			buildRules = (
			);
			dependencies = (
			);
			name = CodexMobileCompanion;
			packageProductDependencies = (
			);
			productName = CodexMobileCompanion;
			productReference = C0824473A42415E32ECD7C7B /* CodexMobileCompanion.app */;
			productType = "com.apple.product-type.application";
		};
		EBA7841788F91263BFFBD902 /* CodexMobileCompanionTests */ = {
			isa = PBXNativeTarget;
			buildConfigurationList = 9C2153EDB2DE743A84AFB27E /* Build configuration list for PBXNativeTarget "CodexMobileCompanionTests" */;
			buildPhases = (
				0186279A4F8AD56ACC75FA3F /* Sources */,
			);
			buildRules = (
			);
			dependencies = (
				F294FF8D106C0921A03EB425 /* PBXTargetDependency */,
			);
			name = CodexMobileCompanionTests;
			packageProductDependencies = (
			);
			productName = CodexMobileCompanionTests;
			productReference = A90B6FE0AC3C66F2B1FA806D /* CodexMobileCompanionTests.xctest */;
			productType = "com.apple.product-type.bundle.unit-test";
		};
/* End PBXNativeTarget section */

/* Begin PBXProject section */
		CEC0584BFFE63B0B728A238A /* Project object */ = {
			isa = PBXProject;
			attributes = {
				BuildIndependentTargetsInParallel = YES;
				LastUpgradeCheck = 1430;
				TargetAttributes = {
				};
			};
			buildConfigurationList = 02E6BE70033D11C5516949A7 /* Build configuration list for PBXProject "CodexMobileCompanion" */;
			compatibilityVersion = "Xcode 14.0";
			developmentRegion = en;
			hasScannedForEncodings = 0;
			knownRegions = (
				Base,
				en,
			);
			mainGroup = C2E36064575B3EEC2D644157;
			minimizedProjectReferenceProxies = 1;
			preferredProjectObjectVersion = 54;
			projectDirPath = "";
			projectRoot = "";
			targets = (
				079AC2675E7DEB7D214D9879 /* CodexMobileCompanion */,
				EBA7841788F91263BFFBD902 /* CodexMobileCompanionTests */,
			);
		};
/* End PBXProject section */

/* Begin PBXShellScriptBuildPhase section */
		EA5E6C6AA809AF75021540E1 /* Embed bridge-server */ = {
			isa = PBXShellScriptBuildPhase;
			buildActionMask = 2147483647;
			files = (
			);
			inputFileListPaths = (
			);
			inputPaths = (
			);
			name = "Embed bridge-server";
			outputFileListPaths = (
			);
			outputPaths = (
				"$(TARGET_BUILD_DIR)/$(UNLOCALIZED_RESOURCES_FOLDER_PATH)/bin/bridge-server",
			);
			runOnlyForDeploymentPostprocessing = 0;
			shellPath = /bin/sh;
			shellScript = "#!/bin/sh\n\nset -eu\n\nREPO_ROOT=\"$(cd \"${SRCROOT}/../..\" && pwd)\"\nMANIFEST_PATH=\"${REPO_ROOT}/Cargo.toml\"\nPRODUCT_BINARY_DIR=\"${TARGET_BUILD_DIR}/${UNLOCALIZED_RESOURCES_FOLDER_PATH}/bin\"\nPRODUCT_BINARY_PATH=\"${PRODUCT_BINARY_DIR}/bridge-server\"\n\nresolve_cargo() {\n  if [ -n \"${CODEX_MOBILE_COMPANION_CARGO_BIN:-}\" ] && [ -x \"${CODEX_MOBILE_COMPANION_CARGO_BIN}\" ]; then\n    printf '%s\\n' \"${CODEX_MOBILE_COMPANION_CARGO_BIN}\"\n    return 0\n  fi\n\n  if command -v cargo >/dev/null 2>&1; then\n    command -v cargo\n    return 0\n  fi\n\n  for candidate in \\\n    \"${HOME}/.cargo/bin/cargo\" \\\n    \"/opt/homebrew/bin/cargo\" \\\n    \"/usr/local/bin/cargo\"\n  do\n    if [ -x \"${candidate}\" ]; then\n      printf '%s\\n' \"${candidate}\"\n      return 0\n    fi\n  done\n\n  echo \"error: cargo not found. Set CODEX_MOBILE_COMPANION_CARGO_BIN or install Rust so Xcode can reach cargo.\" >&2\n  echo \"PATH=${PATH}\" >&2\n  exit 1\n}\n\nCARGO_BIN=\"$(resolve_cargo)\"\nRUST_BIN_DIR=\"$(dirname \"${CARGO_BIN}\")\"\n\nresolve_rustc() {\n  if [ -n \"${CODEX_MOBILE_COMPANION_RUSTC_BIN:-}\" ] && [ -x \"${CODEX_MOBILE_COMPANION_RUSTC_BIN}\" ]; then\n    printf '%s\\n' \"${CODEX_MOBILE_COMPANION_RUSTC_BIN}\"\n    return 0\n  fi\n\n  if [ -x \"${RUST_BIN_DIR}/rustc\" ]; then\n    printf '%s\\n' \"${RUST_BIN_DIR}/rustc\"\n    return 0\n  fi\n\n  if command -v rustc >/dev/null 2>&1; then\n    command -v rustc\n    return 0\n  fi\n\n  for candidate in \\\n    \"${HOME}/.cargo/bin/rustc\" \\\n    \"/opt/homebrew/bin/rustc\" \\\n    \"/usr/local/bin/rustc\"\n  do\n    if [ -x \"${candidate}\" ]; then\n      printf '%s\\n' \"${candidate}\"\n      return 0\n    fi\n  done\n\n  echo \"error: rustc not found. Set CODEX_MOBILE_COMPANION_RUSTC_BIN or install Rust so Xcode can reach rustc.\" >&2\n  echo \"PATH=${PATH}\" >&2\n  exit 1\n}\n\nRUSTC_BIN=\"$(resolve_rustc)\"\n\nexport PATH=\"${RUST_BIN_DIR}:${PATH}\"\nexport RUSTC=\"${RUSTC_BIN}\"\n\ncase \"${CONFIGURATION}\" in\n  Release)\n    CARGO_PROFILE_FLAG=\"--release\"\n    CARGO_TARGET_SUBDIR=\"release\"\n    ;;\n  *)\n    CARGO_PROFILE_FLAG=\"\"\n    CARGO_TARGET_SUBDIR=\"debug\"\n    ;;\nesac\n\necho \"Embedding bridge-server-next into app bundle\"\nmkdir -p \"${PRODUCT_BINARY_DIR}\"\n\ncd \"${REPO_ROOT}\"\n\n\"${CARGO_BIN}\" build \\\n  --manifest-path \"${MANIFEST_PATH}\" \\\n  -p bridge-core \\\n  --bin bridge-server-next \\\n  ${CARGO_PROFILE_FLAG}\n\ncp \"${REPO_ROOT}/target/${CARGO_TARGET_SUBDIR}/bridge-server-next\" \"${PRODUCT_BINARY_PATH}\"\nchmod 755 \"${PRODUCT_BINARY_PATH}\"\n\necho \"Embedded rewrite bridge helper at ${PRODUCT_BINARY_PATH}\"\n";
		};
/* End PBXShellScriptBuildPhase section */

/* Begin PBXSourcesBuildPhase section */
		0186279A4F8AD56ACC75FA3F /* Sources */ = {
			isa = PBXSourcesBuildPhase;
			buildActionMask = 2147483647;
			files = (
				1342931C8BE082D128529EA4 /* CodexMobileCompanionTests.swift in Sources */,
			);
			runOnlyForDeploymentPostprocessing = 0;
		};
		EAB64C6CFF24E00745553FC6 /* Sources */ = {
			isa = PBXSourcesBuildPhase;
			buildActionMask = 2147483647;
			files = (
				A1B2C3D40100000000000004 /* BridgeShellAPIClient.swift in Sources */,
				A1B2C3D40100000000000001 /* CodexMobileCompanionApp.swift in Sources */,
				A1B2C3D40100000000000005 /* DesktopRuntimeSupervisor.swift in Sources */,
				21BFE2AD6196F327135F493B /* BridgeContracts.swift in Sources */,
				A1B2C3D40100000000000003 /* PairingEntryViewModel.swift in Sources */,
				A1B2C3D40100000000000002 /* PairingViews.swift in Sources */,
				076DAD3555DF80C951B9329F /* PersistenceBoundary.swift in Sources */,
				47EF301FD4DB23F23CE7051A /* SecureStore.swift in Sources */,
				B17D93EC9AC73B9003D48DD9 /* StructuredLogger.swift in Sources */,
			);
			runOnlyForDeploymentPostprocessing = 0;
		};
/* End PBXSourcesBuildPhase section */

/* Begin PBXTargetDependency section */
		F294FF8D106C0921A03EB425 /* PBXTargetDependency */ = {
			isa = PBXTargetDependency;
			target = 079AC2675E7DEB7D214D9879 /* CodexMobileCompanion */;
			targetProxy = 33F18E67DD5CAC1BB595B7DF /* PBXContainerItemProxy */;
		};
/* End PBXTargetDependency section */

/* Begin XCBuildConfiguration section */
		22734F081811F665B1D32415 /* Release */ = {
			isa = XCBuildConfiguration;
			buildSettings = {
				ALWAYS_SEARCH_USER_PATHS = NO;
				CLANG_ANALYZER_NONNULL = YES;
				CLANG_ANALYZER_NUMBER_OBJECT_CONVERSION = YES_AGGRESSIVE;
				CLANG_CXX_LANGUAGE_STANDARD = "gnu++14";
				CLANG_CXX_LIBRARY = "libc++";
				CLANG_ENABLE_MODULES = YES;
				CLANG_ENABLE_OBJC_ARC = YES;
				CLANG_ENABLE_OBJC_WEAK = YES;
				CLANG_WARN_BLOCK_CAPTURE_AUTORELEASING = YES;
				CLANG_WARN_BOOL_CONVERSION = YES;
				CLANG_WARN_COMMA = YES;
				CLANG_WARN_CONSTANT_CONVERSION = YES;
				CLANG_WARN_DEPRECATED_OBJC_IMPLEMENTATIONS = YES;
				CLANG_WARN_DIRECT_OBJC_ISA_USAGE = YES_ERROR;
				CLANG_WARN_DOCUMENTATION_COMMENTS = YES;
				CLANG_WARN_EMPTY_BODY = YES;
				CLANG_WARN_ENUM_CONVERSION = YES;
				CLANG_WARN_INFINITE_RECURSION = YES;
				CLANG_WARN_INT_CONVERSION = YES;
				CLANG_WARN_NON_LITERAL_NULL_CONVERSION = YES;
				CLANG_WARN_OBJC_IMPLICIT_RETAIN_SELF = YES;
				CLANG_WARN_OBJC_LITERAL_CONVERSION = YES;
				CLANG_WARN_OBJC_ROOT_CLASS = YES_ERROR;
				CLANG_WARN_QUOTED_INCLUDE_IN_FRAMEWORK_HEADER = YES;
				CLANG_WARN_RANGE_LOOP_ANALYSIS = YES;
				CLANG_WARN_STRICT_PROTOTYPES = YES;
				CLANG_WARN_SUSPICIOUS_MOVE = YES;
				CLANG_WARN_UNGUARDED_AVAILABILITY = YES_AGGRESSIVE;
				CLANG_WARN_UNREACHABLE_CODE = YES;
				CLANG_WARN__DUPLICATE_METHOD_MATCH = YES;
				COPY_PHASE_STRIP = NO;
				DEBUG_INFORMATION_FORMAT = "dwarf-with-dsym";
				ENABLE_NS_ASSERTIONS = NO;
				ENABLE_STRICT_OBJC_MSGSEND = YES;
				GCC_C_LANGUAGE_STANDARD = gnu11;
				GCC_NO_COMMON_BLOCKS = YES;
				GCC_WARN_64_TO_32_BIT_CONVERSION = YES;
				GCC_WARN_ABOUT_RETURN_TYPE = YES_ERROR;
				GCC_WARN_UNDECLARED_SELECTOR = YES;
				GCC_WARN_UNINITIALIZED_AUTOS = YES_AGGRESSIVE;
				GCC_WARN_UNUSED_FUNCTION = YES;
				GCC_WARN_UNUSED_VARIABLE = YES;
				MTL_ENABLE_DEBUG_INFO = NO;
				MTL_FAST_MATH = YES;
				PRODUCT_NAME = "$(TARGET_NAME)";
				SDKROOT = macosx;
				SWIFT_COMPILATION_MODE = wholemodule;
				SWIFT_OPTIMIZATION_LEVEL = "-O";
				SWIFT_VERSION = 5.9;
			};
			name = Release;
		};
		2CDB4AC337CE953E66AB22D9 /* Debug */ = {
			isa = XCBuildConfiguration;
			buildSettings = {
				BUNDLE_LOADER = "$(TEST_HOST)";
				COMBINE_HIDPI_IMAGES = YES;
				GENERATE_INFOPLIST_FILE = YES;
				LD_RUNPATH_SEARCH_PATHS = (
					"$(inherited)",
					"@executable_path/../Frameworks",
					"@loader_path/../Frameworks",
				);
				MACOSX_DEPLOYMENT_TARGET = 14.0;
				PRODUCT_BUNDLE_IDENTIFIER = com.codex.mobile.companion.shell.tests;
				SDKROOT = macosx;
				TEST_HOST = "$(BUILT_PRODUCTS_DIR)/CodexMobileCompanion.app/Contents/MacOS/CodexMobileCompanion";
			};
			name = Debug;
		};
		53509EB8C37D121867BE5350 /* Release */ = {
			isa = XCBuildConfiguration;
			buildSettings = {
				ASSETCATALOG_COMPILER_APPICON_NAME = AppIcon;
				COMBINE_HIDPI_IMAGES = YES;
				GENERATE_INFOPLIST_FILE = YES;
				INFOPLIST_KEY_CFBundleDisplayName = CodexMobileCompanion;
				INFOPLIST_KEY_LSApplicationCategoryType = "public.app-category.developer-tools";
				INFOPLIST_KEY_LSUIElement = YES;
				INFOPLIST_KEY_NSHumanReadableCopyright = "Copyright © 2026 Codex Mobile Companion";
				LD_RUNPATH_SEARCH_PATHS = (
					"$(inherited)",
					"@executable_path/../Frameworks",
				);
				MACOSX_DEPLOYMENT_TARGET = 14.0;
				PRODUCT_BUNDLE_IDENTIFIER = com.codex.mobile.companion.shell;
				PRODUCT_NAME = CodexMobileCompanion;
				SDKROOT = macosx;
			};
			name = Release;
		};
		7ED30BA6274390C2BBA17477 /* Debug */ = {
			isa = XCBuildConfiguration;
			buildSettings = {
				ASSETCATALOG_COMPILER_APPICON_NAME = AppIcon;
				COMBINE_HIDPI_IMAGES = YES;
				GENERATE_INFOPLIST_FILE = YES;
				INFOPLIST_KEY_CFBundleDisplayName = CodexMobileCompanion;
				INFOPLIST_KEY_LSApplicationCategoryType = "public.app-category.developer-tools";
				INFOPLIST_KEY_LSUIElement = YES;
				INFOPLIST_KEY_NSHumanReadableCopyright = "Copyright © 2026 Codex Mobile Companion";
				LD_RUNPATH_SEARCH_PATHS = (
					"$(inherited)",
					"@executable_path/../Frameworks",
				);
				MACOSX_DEPLOYMENT_TARGET = 14.0;
				PRODUCT_BUNDLE_IDENTIFIER = com.codex.mobile.companion.shell;
				PRODUCT_NAME = CodexMobileCompanion;
				SDKROOT = macosx;
			};
			name = Debug;
		};
		8FA726AB9BBBE3E3F405761D /* Debug */ = {
			isa = XCBuildConfiguration;
			buildSettings = {
				ALWAYS_SEARCH_USER_PATHS = NO;
				CLANG_ANALYZER_NONNULL = YES;
				CLANG_ANALYZER_NUMBER_OBJECT_CONVERSION = YES_AGGRESSIVE;
				CLANG_CXX_LANGUAGE_STANDARD = "gnu++14";
				CLANG_CXX_LIBRARY = "libc++";
				CLANG_ENABLE_MODULES = YES;
				CLANG_ENABLE_OBJC_ARC = YES;
				CLANG_ENABLE_OBJC_WEAK = YES;
				CLANG_WARN_BLOCK_CAPTURE_AUTORELEASING = YES;
				CLANG_WARN_BOOL_CONVERSION = YES;
				CLANG_WARN_COMMA = YES;
				CLANG_WARN_CONSTANT_CONVERSION = YES;
				CLANG_WARN_DEPRECATED_OBJC_IMPLEMENTATIONS = YES;
				CLANG_WARN_DIRECT_OBJC_ISA_USAGE = YES_ERROR;
				CLANG_WARN_DOCUMENTATION_COMMENTS = YES;
				CLANG_WARN_EMPTY_BODY = YES;
				CLANG_WARN_ENUM_CONVERSION = YES;
				CLANG_WARN_INFINITE_RECURSION = YES;
				CLANG_WARN_INT_CONVERSION = YES;
				CLANG_WARN_NON_LITERAL_NULL_CONVERSION = YES;
				CLANG_WARN_OBJC_IMPLICIT_RETAIN_SELF = YES;
				CLANG_WARN_OBJC_LITERAL_CONVERSION = YES;
				CLANG_WARN_OBJC_ROOT_CLASS = YES_ERROR;
				CLANG_WARN_QUOTED_INCLUDE_IN_FRAMEWORK_HEADER = YES;
				CLANG_WARN_RANGE_LOOP_ANALYSIS = YES;
				CLANG_WARN_STRICT_PROTOTYPES = YES;
				CLANG_WARN_SUSPICIOUS_MOVE = YES;
				CLANG_WARN_UNGUARDED_AVAILABILITY = YES_AGGRESSIVE;
				CLANG_WARN_UNREACHABLE_CODE = YES;
				CLANG_WARN__DUPLICATE_METHOD_MATCH = YES;
				COPY_PHASE_STRIP = NO;
				DEBUG_INFORMATION_FORMAT = dwarf;
				ENABLE_STRICT_OBJC_MSGSEND = YES;
				ENABLE_TESTABILITY = YES;
				GCC_C_LANGUAGE_STANDARD = gnu11;
				GCC_DYNAMIC_NO_PIC = NO;
				GCC_NO_COMMON_BLOCKS = YES;
				GCC_OPTIMIZATION_LEVEL = 0;
				GCC_PREPROCESSOR_DEFINITIONS = (
					"$(inherited)",
					"DEBUG=1",
				);
				GCC_WARN_64_TO_32_BIT_CONVERSION = YES;
				GCC_WARN_ABOUT_RETURN_TYPE = YES_ERROR;
				GCC_WARN_UNDECLARED_SELECTOR = YES;
				GCC_WARN_UNINITIALIZED_AUTOS = YES_AGGRESSIVE;
				GCC_WARN_UNUSED_FUNCTION = YES;
				GCC_WARN_UNUSED_VARIABLE = YES;
				MTL_ENABLE_DEBUG_INFO = INCLUDE_SOURCE;
				MTL_FAST_MATH = YES;
				ONLY_ACTIVE_ARCH = YES;
				PRODUCT_NAME = "$(TARGET_NAME)";
				SDKROOT = macosx;
				SWIFT_ACTIVE_COMPILATION_CONDITIONS = DEBUG;
				SWIFT_OPTIMIZATION_LEVEL = "-Onone";
				SWIFT_VERSION = 5.9;
			};
			name = Debug;
		};
		9A7B9837228FC9BB740D4F50 /* Release */ = {
			isa = XCBuildConfiguration;
			buildSettings = {
				BUNDLE_LOADER = "$(TEST_HOST)";
				COMBINE_HIDPI_IMAGES = YES;
				GENERATE_INFOPLIST_FILE = YES;
				LD_RUNPATH_SEARCH_PATHS = (
					"$(inherited)",
					"@executable_path/../Frameworks",
					"@loader_path/../Frameworks",
				);
				MACOSX_DEPLOYMENT_TARGET = 14.0;
				PRODUCT_BUNDLE_IDENTIFIER = com.codex.mobile.companion.shell.tests;
				SDKROOT = macosx;
				TEST_HOST = "$(BUILT_PRODUCTS_DIR)/CodexMobileCompanion.app/Contents/MacOS/CodexMobileCompanion";
			};
			name = Release;
		};
/* End XCBuildConfiguration section */

/* Begin XCConfigurationList section */
		02E6BE70033D11C5516949A7 /* Build configuration list for PBXProject "CodexMobileCompanion" */ = {
			isa = XCConfigurationList;
			buildConfigurations = (
				8FA726AB9BBBE3E3F405761D /* Debug */,
				22734F081811F665B1D32415 /* Release */,
			);
			defaultConfigurationIsVisible = 0;
			defaultConfigurationName = Debug;
		};
		92571B5646D9058230F5D08E /* Build configuration list for PBXNativeTarget "CodexMobileCompanion" */ = {
			isa = XCConfigurationList;
			buildConfigurations = (
				7ED30BA6274390C2BBA17477 /* Debug */,
				53509EB8C37D121867BE5350 /* Release */,
			);
			defaultConfigurationIsVisible = 0;
			defaultConfigurationName = Debug;
		};
		9C2153EDB2DE743A84AFB27E /* Build configuration list for PBXNativeTarget "CodexMobileCompanionTests" */ = {
			isa = XCConfigurationList;
			buildConfigurations = (
				2CDB4AC337CE953E66AB22D9 /* Debug */,
				9A7B9837228FC9BB740D4F50 /* Release */,
			);
			defaultConfigurationIsVisible = 0;
			defaultConfigurationName = Debug;
		};
/* End XCConfigurationList section */
	};
	rootObject = CEC0584BFFE63B0B728A238A /* Project object */;
}
